
Microsoft Visual Studio Solution File, Format Version 12.00
# Visual Studio Version 16
VisualStudioVersion = 16.0.32228.343
MinimumVisualStudioVersion = 10.0.40219.1
Project("{FAE04EC0-301F-11D3-BF4B-00C04F79EFBC}") = "Async Inn", "Async Inn\Async Inn.csproj", "{B39F2335-71D0-40CC-8C7F-3EDC8F7F8A83}"
EndProject
Global
	GlobalSection(SolutionConfigurationPlatforms) = preSolution
		Debug|Any CPU = Debug|Any CPU
		Release|Any CPU = Release|Any CPU
	EndGlobalSection
	GlobalSection(ProjectConfigurationPlatforms) = postSolution
		{B39F2335-71D0-40CC-8C7F-3EDC8F7F8A83}.Debug|Any CPU.ActiveCfg = Debug|Any CPU
		{B39F2335-71D0-40CC-8C7F-3EDC8F7F8A83}.Debug|Any CPU.Build.0 = Debug|Any CPU
		{B39F2335-71D0-40CC-8C7F-3EDC8F7F8A83}.Release|Any CPU.ActiveCfg = Release|Any CPU
		{B39F2335-71D0-40CC-8C7F-3EDC8F7F8A83}.Release|Any CPU.Build.0 = Release|Any CPU
	EndGlobalSection
	GlobalSection(SolutionProperties) = preSolution
		HideSolutionNode = FALSE
	EndGlobalSection
	GlobalSection(ExtensibilityGlobals) = postSolution
		SolutionGuid = {90D29C8D-AF50-47D0-A6C2-EC7EBBF88689}
	EndGlobalSection
EndGlobal
